{
  "name": "research",
  "version": "1.0.0",
  "lockfileVersion": 1,
  "requires": true,
  "dependencies": {
    "effector": {
      "version": "21.8.11",
      "resolved": "https://registry.npmjs.org/effector/-/effector-21.8.11.tgz",
      "integrity": "sha512-yEdPMYsocx5rZb/zvnPrkM77tpbnTqWZ/W/JYWxojhUD+ZW04Mpa8ezL0X1LwceYnTHAj2RscLCKK9IFD85lcA=="
    }
  }
}
